
Microsoft Visual Studio Solution File, Format Version 12.00
# Visual Studio 15
VisualStudioVersion = 15.0.28010.2019
MinimumVisualStudioVersion = 10.0.40219.1
Project("{FAE04EC0-301F-11D3-BF4B-00C04F79EFBC}") = "Blog", "Blog\Blog.csproj", "{EAB10878-95D0-4C93-B4B6-9FBBE63B2994}"
EndProject
Global
	GlobalSection(SolutionConfigurationPlatforms) = preSolution
		Debug|Any CPU = Debug|Any CPU
		Release|Any CPU = Release|Any CPU
	EndGlobalSection
	GlobalSection(ProjectConfigurationPlatforms) = postSolution
		{EAB10878-95D0-4C93-B4B6-9FBBE63B2994}.Debug|Any CPU.ActiveCfg = Debug|Any CPU
		{EAB10878-95D0-4C93-B4B6-9FBBE63B2994}.Debug|Any CPU.Build.0 = Debug|Any CPU
		{EAB10878-95D0-4C93-B4B6-9FBBE63B2994}.Release|Any CPU.ActiveCfg = Release|Any CPU
		{EAB10878-95D0-4C93-B4B6-9FBBE63B2994}.Release|Any CPU.Build.0 = Release|Any CPU
	EndGlobalSection
	GlobalSection(SolutionProperties) = preSolution
		HideSolutionNode = FALSE
	EndGlobalSection
	GlobalSection(ExtensibilityGlobals) = postSolution
		SolutionGuid = {353A5B01-550A-4E03-99FA-9C440DCBF777}
	EndGlobalSection
EndGlobal
